
Microsoft Visual Studio Solution File, Format Version 12.00
# Visual Studio Version 17
VisualStudioVersion = 17.5.002.0
MinimumVisualStudioVersion = 10.0.40219.1
Project("{9A19103F-16F7-4668-BE54-9A1E7A4F7556}") = "Exo.WebApi", "Exo.WebApi.csproj", "{3233E604-1925-445D-8B8D-7A04D101C343}"
EndProject
Global
	GlobalSection(SolutionConfigurationPlatforms) = preSolution
		Debug|Any CPU = Debug|Any CPU
		Release|Any CPU = Release|Any CPU
	EndGlobalSection
	GlobalSection(ProjectConfigurationPlatforms) = postSolution
		{3233E604-1925-445D-8B8D-7A04D101C343}.Debug|Any CPU.ActiveCfg = Debug|Any CPU
		{3233E604-1925-445D-8B8D-7A04D101C343}.Debug|Any CPU.Build.0 = Debug|Any CPU
		{3233E604-1925-445D-8B8D-7A04D101C343}.Release|Any CPU.ActiveCfg = Release|Any CPU
		{3233E604-1925-445D-8B8D-7A04D101C343}.Release|Any CPU.Build.0 = Release|Any CPU
	EndGlobalSection
	GlobalSection(SolutionProperties) = preSolution
		HideSolutionNode = FALSE
	EndGlobalSection
	GlobalSection(ExtensibilityGlobals) = postSolution
		SolutionGuid = {1A722D28-CEDA-4843-B8F8-CF1DB1698B30}
	EndGlobalSection
EndGlobal
